# THIS IS AN AUTOGENERATED FILE. DO NOT EDIT THIS FILE DIRECTLY.
# yarn lockfile v1


exponential-backoff@^3.1.0:
  version "3.1.0"
  resolved "https://registry.yarnpkg.com/exponential-backoff/-/exponential-backoff-3.1.0.tgz#9409c7e579131f8bd4b32d7d8094a911040f2e68"
  integrity sha512-oBuz5SYz5zzyuHINoe9ooePwSu0xApKWgeNzok4hZ5YKXFh9zrQBEM15CXqoZkJJPuI2ArvqjPQd8UKJA753XA==
